<?xml version="1.0" encoding="UTF-8"?>
<Project ToolsVersion="14.0" xmlns="http://schemas.microsoft.com/developer/msbuild/2003">
  <ItemGroup>
    <CustomBuild Include="C:\A_PCL\RenderEngine\Horde3D\CMakeLists.txt" />
    <CustomBuild Include="C:\A_PCL\RenderEngine\Horde3D\CMakeFiles\026363e89e17123ef6f95a7921c1bf33\glfw3.lib.rule">
      <Filter>CMake Rules</Filter>
    </CustomBuild>
    <CustomBuild Include="C:\A_PCL\RenderEngine\Horde3D\CMakeFiles\d50a7794be71c6a5f054382c2283bfeb\GLFW_LIBRARY_EXTERN.rule">
      <Filter>CMake Rules</Filter>
    </CustomBuild>
  </ItemGroup>
  <ItemGroup>
    <None Include="C:\A_PCL\RenderEngine\Horde3D\CMakeFiles\GLFW_LIBRARY_EXTERN" />
  </ItemGroup>
  <ItemGroup>
    <Filter Include="CMake Rules">
      <UniqueIdentifier>{3DFC8541-BB07-345F-B23A-1C38F0193E61}</UniqueIdentifier>
    </Filter>
  </ItemGroup>
</Project>
