<?xml version="1.0" encoding="UTF-8"?>
<Project ToolsVersion="14.0" xmlns="http://schemas.microsoft.com/developer/msbuild/2003">
  <ItemGroup>
    <ClCompile Include="C:\A_PCL\Horde3D-master\Horde3D\Samples\Framework\sampleapp.cpp">
      <Filter>Source Files</Filter>
    </ClCompile>
  </ItemGroup>
  <ItemGroup>
    <CustomBuild Include="C:\A_PCL\Horde3D-master\Horde3D\Samples\Framework\CMakeLists.txt" />
  </ItemGroup>
  <ItemGroup>
    <Filter Include="Source Files">
      <UniqueIdentifier>{A619929B-0DDC-3F0A-B7D2-F56B40C12AED}</UniqueIdentifier>
    </Filter>
  </ItemGroup>
</Project>
