<?xml version="1.0" encoding="UTF-8"?>
<Project ToolsVersion="14.0" xmlns="http://schemas.microsoft.com/developer/msbuild/2003">
  <ItemGroup>
    <ClCompile Include="C:\A_PCL\RenderEngine\Horde3D\Horde3D\Source\ColladaConverter\converter.cpp">
      <Filter>Source Files</Filter>
    </ClCompile>
    <ClCompile Include="C:\A_PCL\RenderEngine\Horde3D\Horde3D\Source\ColladaConverter\daeMain.cpp">
      <Filter>Source Files</Filter>
    </ClCompile>
    <ClCompile Include="C:\A_PCL\RenderEngine\Horde3D\Horde3D\Source\ColladaConverter\main.cpp">
      <Filter>Source Files</Filter>
    </ClCompile>
    <ClCompile Include="C:\A_PCL\RenderEngine\Horde3D\Horde3D\Source\ColladaConverter\optimizer.cpp">
      <Filter>Source Files</Filter>
    </ClCompile>
    <ClCompile Include="C:\A_PCL\RenderEngine\Horde3D\Horde3D\Source\ColladaConverter\utils.cpp">
      <Filter>Source Files</Filter>
    </ClCompile>
  </ItemGroup>
  <ItemGroup>
    <ClInclude Include="C:\A_PCL\RenderEngine\Horde3D\Horde3D\Source\ColladaConverter\converter.h">
      <Filter>Header Files</Filter>
    </ClInclude>
    <ClInclude Include="C:\A_PCL\RenderEngine\Horde3D\Horde3D\Source\ColladaConverter\daeCommon.h">
      <Filter>Header Files</Filter>
    </ClInclude>
    <ClInclude Include="C:\A_PCL\RenderEngine\Horde3D\Horde3D\Source\ColladaConverter\daeLibAnimations.h">
      <Filter>Header Files</Filter>
    </ClInclude>
    <ClInclude Include="C:\A_PCL\RenderEngine\Horde3D\Horde3D\Source\ColladaConverter\daeLibControllers.h">
      <Filter>Header Files</Filter>
    </ClInclude>
    <ClInclude Include="C:\A_PCL\RenderEngine\Horde3D\Horde3D\Source\ColladaConverter\daeLibEffects.h">
      <Filter>Header Files</Filter>
    </ClInclude>
    <ClInclude Include="C:\A_PCL\RenderEngine\Horde3D\Horde3D\Source\ColladaConverter\daeLibGeometries.h">
      <Filter>Header Files</Filter>
    </ClInclude>
    <ClInclude Include="C:\A_PCL\RenderEngine\Horde3D\Horde3D\Source\ColladaConverter\daeLibImages.h">
      <Filter>Header Files</Filter>
    </ClInclude>
    <ClInclude Include="C:\A_PCL\RenderEngine\Horde3D\Horde3D\Source\ColladaConverter\daeLibMaterials.h">
      <Filter>Header Files</Filter>
    </ClInclude>
    <ClInclude Include="C:\A_PCL\RenderEngine\Horde3D\Horde3D\Source\ColladaConverter\daeLibVisualScenes.h">
      <Filter>Header Files</Filter>
    </ClInclude>
    <ClInclude Include="C:\A_PCL\RenderEngine\Horde3D\Horde3D\Source\ColladaConverter\daeMain.h">
      <Filter>Header Files</Filter>
    </ClInclude>
    <ClInclude Include="C:\A_PCL\RenderEngine\Horde3D\Horde3D\Source\ColladaConverter\optimizer.h">
      <Filter>Header Files</Filter>
    </ClInclude>
    <ClInclude Include="C:\A_PCL\RenderEngine\Horde3D\Horde3D\Source\ColladaConverter\utils.h">
      <Filter>Header Files</Filter>
    </ClInclude>
  </ItemGroup>
  <ItemGroup>
    <CustomBuild Include="C:\A_PCL\RenderEngine\Horde3D\Horde3D\Source\ColladaConverter\CMakeLists.txt" />
  </ItemGroup>
  <ItemGroup>
    <Filter Include="Source Files">
      <UniqueIdentifier>{7236BA31-4F58-34AD-B8EC-09D43102EDC9}</UniqueIdentifier>
    </Filter>
    <Filter Include="Header Files">
      <UniqueIdentifier>{35CD6B9B-0899-3601-957E-1CB7F40C30AC}</UniqueIdentifier>
    </Filter>
  </ItemGroup>
</Project>
